
Microsoft Visual Studio Solution File, Format Version 12.00
# Visual Studio Version 17
VisualStudioVersion = 17.4.33122.133
MinimumVisualStudioVersion = 10.0.40219.1
Project("{8BC9CEB8-8B4A-11D0-8D11-00A0C91BC942}") = "G30-Corso-Quiroga-TP_Final", "G30-Corso-Quiroga-TP_Final\G30-Corso-Quiroga-TP_Final.vcxproj", "{5020B610-7F0E-4632-9B53-EBDA3782D7E5}"
EndProject
Global
	GlobalSection(SolutionConfigurationPlatforms) = preSolution
		Debug|x64 = Debug|x64
		Debug|x86 = Debug|x86
		Release|x64 = Release|x64
		Release|x86 = Release|x86
	EndGlobalSection
	GlobalSection(ProjectConfigurationPlatforms) = postSolution
		{5020B610-7F0E-4632-9B53-EBDA3782D7E5}.Debug|x64.ActiveCfg = Debug|x64
		{5020B610-7F0E-4632-9B53-EBDA3782D7E5}.Debug|x64.Build.0 = Debug|x64
		{5020B610-7F0E-4632-9B53-EBDA3782D7E5}.Debug|x86.ActiveCfg = Debug|Win32
		{5020B610-7F0E-4632-9B53-EBDA3782D7E5}.Debug|x86.Build.0 = Debug|Win32
		{5020B610-7F0E-4632-9B53-EBDA3782D7E5}.Release|x64.ActiveCfg = Release|x64
		{5020B610-7F0E-4632-9B53-EBDA3782D7E5}.Release|x64.Build.0 = Release|x64
		{5020B610-7F0E-4632-9B53-EBDA3782D7E5}.Release|x86.ActiveCfg = Release|Win32
		{5020B610-7F0E-4632-9B53-EBDA3782D7E5}.Release|x86.Build.0 = Release|Win32
	EndGlobalSection
	GlobalSection(SolutionProperties) = preSolution
		HideSolutionNode = FALSE
	EndGlobalSection
	GlobalSection(ExtensibilityGlobals) = postSolution
		SolutionGuid = {8062007F-B911-4F17-B465-33C85D211F86}
	EndGlobalSection
EndGlobal
